
Microsoft Visual Studio Solution File, Format Version 12.00
# Visual Studio Version 17
VisualStudioVersion = 17.8.34525.116
MinimumVisualStudioVersion = 10.0.40219.1
Project("{00D1A9C2-B5F0-4AF3-8072-F6C62B433612}") = "NOUR.PFE.SQL", "NOUR.PFE.SQL\NOUR.PFE.SQL.sqlproj", "{0D4A915D-93A8-4E79-B757-61D2197077B1}"
EndProject
Project("{9A19103F-16F7-4668-BE54-9A1E7A4F7556}") = "NOUR.PFE.Entities", "NOUR.PFE.Entities\NOUR.PFE.Entities.csproj", "{A0A42E01-8471-4931-8960-BA88A7D00D62}"
EndProject
Project("{9A19103F-16F7-4668-BE54-9A1E7A4F7556}") = "NOUR.PFE.Repository", "NOUR.PFE.Repository\NOUR.PFE.Repository.csproj", "{40645713-0DBA-4D94-ACFE-F30E10EBF069}"
EndProject
Project("{9A19103F-16F7-4668-BE54-9A1E7A4F7556}") = "NOUR.PFE.DataLayer", "NOUR.PFE.DataLayer\NOUR.PFE.DataLayer.csproj", "{78382D40-9672-44B7-B906-11BB3B61466B}"
EndProject
Project("{9A19103F-16F7-4668-BE54-9A1E7A4F7556}") = "NOUR.PFE.DataLayer.DB", "NOUR.PFE.DataLayer.DB\NOUR.PFE.DataLayer.DB.csproj", "{EA3081E1-85E3-4796-9318-7E0030001EAA}"
EndProject
Project("{9A19103F-16F7-4668-BE54-9A1E7A4F7556}") = "NOUR.PFE.Utils", "NOUR.PFE.Utils\NOUR.PFE.Utils.csproj", "{730B7E3F-D659-408C-BE7C-5EDE5888C6F3}"
EndProject
Project("{FAE04EC0-301F-11D3-BF4B-00C04F79EFBC}") = "NOUR.PFE.API", "NOUR.PFE.API\NOUR.PFE.API.csproj", "{875E2EFE-2FCD-4A65-9895-A3764229D2D9}"
EndProject
Global
	GlobalSection(SolutionConfigurationPlatforms) = preSolution
		Debug|Any CPU = Debug|Any CPU
		Release|Any CPU = Release|Any CPU
	EndGlobalSection
	GlobalSection(ProjectConfigurationPlatforms) = postSolution
		{0D4A915D-93A8-4E79-B757-61D2197077B1}.Debug|Any CPU.ActiveCfg = Debug|Any CPU
		{0D4A915D-93A8-4E79-B757-61D2197077B1}.Debug|Any CPU.Build.0 = Debug|Any CPU
		{0D4A915D-93A8-4E79-B757-61D2197077B1}.Debug|Any CPU.Deploy.0 = Debug|Any CPU
		{0D4A915D-93A8-4E79-B757-61D2197077B1}.Release|Any CPU.ActiveCfg = Release|Any CPU
		{0D4A915D-93A8-4E79-B757-61D2197077B1}.Release|Any CPU.Build.0 = Release|Any CPU
		{0D4A915D-93A8-4E79-B757-61D2197077B1}.Release|Any CPU.Deploy.0 = Release|Any CPU
		{A0A42E01-8471-4931-8960-BA88A7D00D62}.Debug|Any CPU.ActiveCfg = Debug|Any CPU
		{A0A42E01-8471-4931-8960-BA88A7D00D62}.Debug|Any CPU.Build.0 = Debug|Any CPU
		{A0A42E01-8471-4931-8960-BA88A7D00D62}.Release|Any CPU.ActiveCfg = Release|Any CPU
		{A0A42E01-8471-4931-8960-BA88A7D00D62}.Release|Any CPU.Build.0 = Release|Any CPU
		{40645713-0DBA-4D94-ACFE-F30E10EBF069}.Debug|Any CPU.ActiveCfg = Debug|Any CPU
		{40645713-0DBA-4D94-ACFE-F30E10EBF069}.Debug|Any CPU.Build.0 = Debug|Any CPU
		{40645713-0DBA-4D94-ACFE-F30E10EBF069}.Release|Any CPU.ActiveCfg = Release|Any CPU
		{40645713-0DBA-4D94-ACFE-F30E10EBF069}.Release|Any CPU.Build.0 = Release|Any CPU
		{78382D40-9672-44B7-B906-11BB3B61466B}.Debug|Any CPU.ActiveCfg = Debug|Any CPU
		{78382D40-9672-44B7-B906-11BB3B61466B}.Debug|Any CPU.Build.0 = Debug|Any CPU
		{78382D40-9672-44B7-B906-11BB3B61466B}.Release|Any CPU.ActiveCfg = Release|Any CPU
		{78382D40-9672-44B7-B906-11BB3B61466B}.Release|Any CPU.Build.0 = Release|Any CPU
		{EA3081E1-85E3-4796-9318-7E0030001EAA}.Debug|Any CPU.ActiveCfg = Debug|Any CPU
		{EA3081E1-85E3-4796-9318-7E0030001EAA}.Debug|Any CPU.Build.0 = Debug|Any CPU
		{EA3081E1-85E3-4796-9318-7E0030001EAA}.Release|Any CPU.ActiveCfg = Release|Any CPU
		{EA3081E1-85E3-4796-9318-7E0030001EAA}.Release|Any CPU.Build.0 = Release|Any CPU
		{730B7E3F-D659-408C-BE7C-5EDE5888C6F3}.Debug|Any CPU.ActiveCfg = Debug|Any CPU
		{730B7E3F-D659-408C-BE7C-5EDE5888C6F3}.Debug|Any CPU.Build.0 = Debug|Any CPU
		{730B7E3F-D659-408C-BE7C-5EDE5888C6F3}.Release|Any CPU.ActiveCfg = Release|Any CPU
		{730B7E3F-D659-408C-BE7C-5EDE5888C6F3}.Release|Any CPU.Build.0 = Release|Any CPU
		{875E2EFE-2FCD-4A65-9895-A3764229D2D9}.Debug|Any CPU.ActiveCfg = Debug|Any CPU
		{875E2EFE-2FCD-4A65-9895-A3764229D2D9}.Debug|Any CPU.Build.0 = Debug|Any CPU
		{875E2EFE-2FCD-4A65-9895-A3764229D2D9}.Release|Any CPU.ActiveCfg = Release|Any CPU
		{875E2EFE-2FCD-4A65-9895-A3764229D2D9}.Release|Any CPU.Build.0 = Release|Any CPU
	EndGlobalSection
	GlobalSection(SolutionProperties) = preSolution
		HideSolutionNode = FALSE
	EndGlobalSection
	GlobalSection(ExtensibilityGlobals) = postSolution
		SolutionGuid = {8FCE00E0-3A50-4CE7-BB87-7F6A5C544401}
	EndGlobalSection
EndGlobal
